{
  "meteor": {},
  "dependencies": {
    "basePackages": {
      "aggregation": {
        "git": "https://github.com/Jeeeyul/meteor-aggregation",
        "branch": "master"
      }
    },
    "packages": {
      "aggregation": {
        "git": "https://github.com/Jeeeyul/meteor-aggregation",
        "branch": "master",
        "commit": "c917cb3d70fb78a0bef2a028ef8b8ca1095f9dc4"
      }
    }
  }
}
