{
  "meteor": {},
  "dependencies": {
    "basePackages": {
      "aggregation": {}
    },
    "packages": {
      "aggregation": {
        "git": "https://github.com/jeeeyul/meteor-aggregation.git",
        "tag": "v0.0.0.2",
        "commit": "dea25593ae911c0a9f13c01ec075278d3efeb4fc"
      }
    }
  }
}
